
Microsoft Visual Studio Solution File, Format Version 12.00
# Visual Studio Version 16
VisualStudioVersion = 16.0.31613.86
MinimumVisualStudioVersion = 10.0.40219.1
Project("{FAE04EC0-301F-11D3-BF4B-00C04F79EFBC}") = "Aula1AspNetMVC", "Aula1AspNetMVC\Aula1AspNetMVC.csproj", "{F64ADA87-3968-4DA0-8DA4-610FB2C02AFD}"
EndProject
Global
	GlobalSection(SolutionConfigurationPlatforms) = preSolution
		Debug|Any CPU = Debug|Any CPU
		Release|Any CPU = Release|Any CPU
	EndGlobalSection
	GlobalSection(ProjectConfigurationPlatforms) = postSolution
		{F64ADA87-3968-4DA0-8DA4-610FB2C02AFD}.Debug|Any CPU.ActiveCfg = Debug|Any CPU
		{F64ADA87-3968-4DA0-8DA4-610FB2C02AFD}.Debug|Any CPU.Build.0 = Debug|Any CPU
		{F64ADA87-3968-4DA0-8DA4-610FB2C02AFD}.Release|Any CPU.ActiveCfg = Release|Any CPU
		{F64ADA87-3968-4DA0-8DA4-610FB2C02AFD}.Release|Any CPU.Build.0 = Release|Any CPU
	EndGlobalSection
	GlobalSection(SolutionProperties) = preSolution
		HideSolutionNode = FALSE
	EndGlobalSection
	GlobalSection(ExtensibilityGlobals) = postSolution
		SolutionGuid = {10FD55FA-67FE-4947-BF78-044BCECC86B4}
	EndGlobalSection
EndGlobal
